
Microsoft Visual Studio Solution File, Format Version 12.00
Project("{FAE04EC0-301F-11D3-BF4B-00C04F79EFBC}") = "MyJsonRpc", "MyJsonRpc\MyJsonRpc.csproj", "{13EFBBAE-15EB-4BB7-987B-7235AA4C46C9}"
EndProject
Project("{FAE04EC0-301F-11D3-BF4B-00C04F79EFBC}") = "JsonRpcContract", "JsonRpcContract\JsonRpcContract.csproj", "{36D950A6-4EC5-48CC-90C9-32E8BA4A7C5E}"
EndProject
Global
	GlobalSection(SolutionConfigurationPlatforms) = preSolution
		Debug|Any CPU = Debug|Any CPU
		Release|Any CPU = Release|Any CPU
	EndGlobalSection
	GlobalSection(ProjectConfigurationPlatforms) = postSolution
		{13EFBBAE-15EB-4BB7-987B-7235AA4C46C9}.Debug|Any CPU.ActiveCfg = Debug|Any CPU
		{13EFBBAE-15EB-4BB7-987B-7235AA4C46C9}.Debug|Any CPU.Build.0 = Debug|Any CPU
		{13EFBBAE-15EB-4BB7-987B-7235AA4C46C9}.Release|Any CPU.ActiveCfg = Release|Any CPU
		{13EFBBAE-15EB-4BB7-987B-7235AA4C46C9}.Release|Any CPU.Build.0 = Release|Any CPU
		{36D950A6-4EC5-48CC-90C9-32E8BA4A7C5E}.Debug|Any CPU.ActiveCfg = Debug|Any CPU
		{36D950A6-4EC5-48CC-90C9-32E8BA4A7C5E}.Debug|Any CPU.Build.0 = Debug|Any CPU
		{36D950A6-4EC5-48CC-90C9-32E8BA4A7C5E}.Release|Any CPU.ActiveCfg = Release|Any CPU
		{36D950A6-4EC5-48CC-90C9-32E8BA4A7C5E}.Release|Any CPU.Build.0 = Release|Any CPU
	EndGlobalSection
EndGlobal
